// !$*UTF8*$!
{
	archiveVersion = 1;
	classes = {
	};
	objectVersion = 52;
	objects = {

/* Begin PBXBuildFile section */
		621050352623ED7E00AB7BD4 /* AppDelegate.swift in Sources */ = {isa = PBXBuildFile; fileRef = 621050342623ED7E00AB7BD4 /* AppDelegate.swift */; };
		621050372623ED7E00AB7BD4 /* SceneDelegate.swift in Sources */ = {isa = PBXBuildFile; fileRef = 621050362623ED7E00AB7BD4 /* SceneDelegate.swift */; };
		621050392623ED7E00AB7BD4 /* ViewController.swift in Sources */ = {isa = PBXBuildFile; fileRef = 621050382623ED7E00AB7BD4 /* ViewController.swift */; };
		6210503C2623ED7E00AB7BD4 /* Main.storyboard in Resources */ = {isa = PBXBuildFile; fileRef = 6210503A2623ED7E00AB7BD4 /* Main.storyboard */; };
		6210503E2623ED8000AB7BD4 /* Assets.xcassets in Resources */ = {isa = PBXBuildFile; fileRef = 6210503D2623ED8000AB7BD4 /* Assets.xcassets */; };
		621050412623ED8000AB7BD4 /* LaunchScreen.storyboard in Resources */ = {isa = PBXBuildFile; fileRef = 6210503F2623ED8000AB7BD4 /* LaunchScreen.storyboard */; };
		6210504A2624010700AB7BD4 /* Cartfile in Resources */ = {isa = PBXBuildFile; fileRef = 621050492624010700AB7BD4 /* Cartfile */; };
		6210504E262401CF00AB7BD4 /* IQKeyboardManagerSwift.xcframework in Frameworks */ = {isa = PBXBuildFile; fileRef = 6210504D262401CF00AB7BD4 /* IQKeyboardManagerSwift.xcframework */; };
		6210504F262401CF00AB7BD4 /* IQKeyboardManagerSwift.xcframework in Embed Frameworks */ = {isa = PBXBuildFile; fileRef = 6210504D262401CF00AB7BD4 /* IQKeyboardManagerSwift.xcframework */; settings = {ATTRIBUTES = (CodeSignOnCopy, RemoveHeadersOnCopy, ); }; };
		621050522624036300AB7BD4 /* Secrets.swift in Sources */ = {isa = PBXBuildFile; fileRef = 621050512624036300AB7BD4 /* Secrets.swift */; };
/* End PBXBuildFile section */

/* Begin PBXCopyFilesBuildPhase section */
		62105050262401CF00AB7BD4 /* Embed Frameworks */ = {
			isa = PBXCopyFilesBuildPhase;
			buildActionMask = 2147483647;
			dstPath = "";
			dstSubfolderSpec = 10;
			files = (
				6210504F262401CF00AB7BD4 /* IQKeyboardManagerSwift.xcframework in Embed Frameworks */,
			);
			name = "Embed Frameworks";
			runOnlyForDeploymentPostprocessing = 0;
		};
/* End PBXCopyFilesBuildPhase section */

/* Begin PBXFileReference section */
		621050312623ED7E00AB7BD4 /* OpenAITester.app */ = {isa = PBXFileReference; explicitFileType = wrapper.application; includeInIndex = 0; path = OpenAITester.app; sourceTree = BUILT_PRODUCTS_DIR; };
		621050342623ED7E00AB7BD4 /* AppDelegate.swift */ = {isa = PBXFileReference; lastKnownFileType = sourcecode.swift; path = AppDelegate.swift; sourceTree = "<group>"; };
		621050362623ED7E00AB7BD4 /* SceneDelegate.swift */ = {isa = PBXFileReference; lastKnownFileType = sourcecode.swift; path = SceneDelegate.swift; sourceTree = "<group>"; };
		621050382623ED7E00AB7BD4 /* ViewController.swift */ = {isa = PBXFileReference; lastKnownFileType = sourcecode.swift; path = ViewController.swift; sourceTree = "<group>"; };
		6210503B2623ED7E00AB7BD4 /* Base */ = {isa = PBXFileReference; lastKnownFileType = file.storyboard; name = Base; path = Base.lproj/Main.storyboard; sourceTree = "<group>"; };
		6210503D2623ED8000AB7BD4 /* Assets.xcassets */ = {isa = PBXFileReference; lastKnownFileType = folder.assetcatalog; path = Assets.xcassets; sourceTree = "<group>"; };
		621050402623ED8000AB7BD4 /* Base */ = {isa = PBXFileReference; lastKnownFileType = file.storyboard; name = Base; path = Base.lproj/LaunchScreen.storyboard; sourceTree = "<group>"; };
		621050422623ED8000AB7BD4 /* Info.plist */ = {isa = PBXFileReference; lastKnownFileType = text.plist.xml; path = Info.plist; sourceTree = "<group>"; };
		621050492624010700AB7BD4 /* Cartfile */ = {isa = PBXFileReference; lastKnownFileType = text; path = Cartfile; sourceTree = SOURCE_ROOT; };
		6210504D262401CF00AB7BD4 /* IQKeyboardManagerSwift.xcframework */ = {isa = PBXFileReference; lastKnownFileType = wrapper.xcframework; name = IQKeyboardManagerSwift.xcframework; path = Carthage/Build/IQKeyboardManagerSwift.xcframework; sourceTree = "<group>"; };
		621050512624036300AB7BD4 /* Secrets.swift */ = {isa = PBXFileReference; lastKnownFileType = sourcecode.swift; path = Secrets.swift; sourceTree = "<group>"; };
/* End PBXFileReference section */

/* Begin PBXFrameworksBuildPhase section */
		6210502E2623ED7E00AB7BD4 /* Frameworks */ = {
			isa = PBXFrameworksBuildPhase;
			buildActionMask = 2147483647;
			files = (
				6210504E262401CF00AB7BD4 /* IQKeyboardManagerSwift.xcframework in Frameworks */,
			);
			runOnlyForDeploymentPostprocessing = 0;
		};
/* End PBXFrameworksBuildPhase section */

/* Begin PBXGroup section */
		621050282623ED7E00AB7BD4 = {
			isa = PBXGroup;
			children = (
				621050332623ED7E00AB7BD4 /* OpenAITester */,
				621050322623ED7E00AB7BD4 /* Products */,
				6210504C262401CF00AB7BD4 /* Frameworks */,
			);
			sourceTree = "<group>";
		};
		621050322623ED7E00AB7BD4 /* Products */ = {
			isa = PBXGroup;
			children = (
				621050312623ED7E00AB7BD4 /* OpenAITester.app */,
			);
			name = Products;
			sourceTree = "<group>";
		};
		621050332623ED7E00AB7BD4 /* OpenAITester */ = {
			isa = PBXGroup;
			children = (
				621050342623ED7E00AB7BD4 /* AppDelegate.swift */,
				621050362623ED7E00AB7BD4 /* SceneDelegate.swift */,
				621050382623ED7E00AB7BD4 /* ViewController.swift */,
				621050512624036300AB7BD4 /* Secrets.swift */,
				621050492624010700AB7BD4 /* Cartfile */,
				6210503A2623ED7E00AB7BD4 /* Main.storyboard */,
				6210503D2623ED8000AB7BD4 /* Assets.xcassets */,
				6210503F2623ED8000AB7BD4 /* LaunchScreen.storyboard */,
				621050422623ED8000AB7BD4 /* Info.plist */,
			);
			path = OpenAITester;
			sourceTree = "<group>";
		};
		6210504C262401CF00AB7BD4 /* Frameworks */ = {
			isa = PBXGroup;
			children = (
				6210504D262401CF00AB7BD4 /* IQKeyboardManagerSwift.xcframework */,
			);
			name = Frameworks;
			sourceTree = "<group>";
		};
/* End PBXGroup section */

/* Begin PBXNativeTarget section */
		621050302623ED7E00AB7BD4 /* OpenAITester */ = {
			isa = PBXNativeTarget;
			buildConfigurationList = 621050452623ED8000AB7BD4 /* Build configuration list for PBXNativeTarget "OpenAITester" */;
			buildPhases = (
				6210502D2623ED7E00AB7BD4 /* Sources */,
				6210502E2623ED7E00AB7BD4 /* Frameworks */,
				6210502F2623ED7E00AB7BD4 /* Resources */,
				62105050262401CF00AB7BD4 /* Embed Frameworks */,
			);
			buildRules = (
			);
			dependencies = (
			);
			name = OpenAITester;
			productName = OpenAITester;
			productReference = 621050312623ED7E00AB7BD4 /* OpenAITester.app */;
			productType = "com.apple.product-type.application";
		};
/* End PBXNativeTarget section */

/* Begin PBXProject section */
		621050292623ED7E00AB7BD4 /* Project object */ = {
			isa = PBXProject;
			attributes = {
				LastSwiftUpdateCheck = 1240;
				LastUpgradeCheck = 1240;
				TargetAttributes = {
					621050302623ED7E00AB7BD4 = {
						CreatedOnToolsVersion = 12.4;
					};
				};
			};
			buildConfigurationList = 6210502C2623ED7E00AB7BD4 /* Build configuration list for PBXProject "OpenAITester" */;
			compatibilityVersion = "Xcode 9.3";
			developmentRegion = en;
			hasScannedForEncodings = 0;
			knownRegions = (
				en,
				Base,
			);
			mainGroup = 621050282623ED7E00AB7BD4;
			productRefGroup = 621050322623ED7E00AB7BD4 /* Products */;
			projectDirPath = "";
			projectRoot = "";
			targets = (
				621050302623ED7E00AB7BD4 /* OpenAITester */,
			);
		};
/* End PBXProject section */

/* Begin PBXResourcesBuildPhase section */
		6210502F2623ED7E00AB7BD4 /* Resources */ = {
			isa = PBXResourcesBuildPhase;
			buildActionMask = 2147483647;
			files = (
				621050412623ED8000AB7BD4 /* LaunchScreen.storyboard in Resources */,
				6210503E2623ED8000AB7BD4 /* Assets.xcassets in Resources */,
				6210504A2624010700AB7BD4 /* Cartfile in Resources */,
				6210503C2623ED7E00AB7BD4 /* Main.storyboard in Resources */,
			);
			runOnlyForDeploymentPostprocessing = 0;
		};
/* End PBXResourcesBuildPhase section */

/* Begin PBXSourcesBuildPhase section */
		6210502D2623ED7E00AB7BD4 /* Sources */ = {
			isa = PBXSourcesBuildPhase;
			buildActionMask = 2147483647;
			files = (
				621050392623ED7E00AB7BD4 /* ViewController.swift in Sources */,
				621050522624036300AB7BD4 /* Secrets.swift in Sources */,
				621050352623ED7E00AB7BD4 /* AppDelegate.swift in Sources */,
				621050372623ED7E00AB7BD4 /* SceneDelegate.swift in Sources */,
			);
			runOnlyForDeploymentPostprocessing = 0;
		};
/* End PBXSourcesBuildPhase section */

/* Begin PBXVariantGroup section */
		6210503A2623ED7E00AB7BD4 /* Main.storyboard */ = {
			isa = PBXVariantGroup;
			children = (
				6210503B2623ED7E00AB7BD4 /* Base */,
			);
			name = Main.storyboard;
			sourceTree = "<group>";
		};
		6210503F2623ED8000AB7BD4 /* LaunchScreen.storyboard */ = {
			isa = PBXVariantGroup;
			children = (
				621050402623ED8000AB7BD4 /* Base */,
			);
			name = LaunchScreen.storyboard;
			sourceTree = "<group>";
		};
/* End PBXVariantGroup section */

/* Begin XCBuildConfiguration section */
		621050432623ED8000AB7BD4 /* Debug */ = {
			isa = XCBuildConfiguration;
			buildSettings = {
				ALWAYS_SEARCH_USER_PATHS = NO;
				CLANG_ANALYZER_NONNULL = YES;
				CLANG_ANALYZER_NUMBER_OBJECT_CONVERSION = YES_AGGRESSIVE;
				CLANG_CXX_LANGUAGE_STANDARD = "gnu++14";
				CLANG_CXX_LIBRARY = "libc++";
				CLANG_ENABLE_MODULES = YES;
				CLANG_ENABLE_OBJC_ARC = YES;
				CLANG_ENABLE_OBJC_WEAK = YES;
				CLANG_WARN_BLOCK_CAPTURE_AUTORELEASING = YES;
				CLANG_WARN_BOOL_CONVERSION = YES;
				CLANG_WARN_COMMA = YES;
				CLANG_WARN_CONSTANT_CONVERSION = YES;
				CLANG_WARN_DEPRECATED_OBJC_IMPLEMENTATIONS = YES;
				CLANG_WARN_DIRECT_OBJC_ISA_USAGE = YES_ERROR;
				CLANG_WARN_DOCUMENTATION_COMMENTS = YES;
				CLANG_WARN_EMPTY_BODY = YES;
				CLANG_WARN_ENUM_CONVERSION = YES;
				CLANG_WARN_INFINITE_RECURSION = YES;
				CLANG_WARN_INT_CONVERSION = YES;
				CLANG_WARN_NON_LITERAL_NULL_CONVERSION = YES;
				CLANG_WARN_OBJC_IMPLICIT_RETAIN_SELF = YES;
				CLANG_WARN_OBJC_LITERAL_CONVERSION = YES;
				CLANG_WARN_OBJC_ROOT_CLASS = YES_ERROR;
				CLANG_WARN_QUOTED_INCLUDE_IN_FRAMEWORK_HEADER = YES;
				CLANG_WARN_RANGE_LOOP_ANALYSIS = YES;
				CLANG_WARN_STRICT_PROTOTYPES = YES;
				CLANG_WARN_SUSPICIOUS_MOVE = YES;
				CLANG_WARN_UNGUARDED_AVAILABILITY = YES_AGGRESSIVE;
				CLANG_WARN_UNREACHABLE_CODE = YES;
				CLANG_WARN__DUPLICATE_METHOD_MATCH = YES;
				COPY_PHASE_STRIP = NO;
				DEBUG_INFORMATION_FORMAT = dwarf;
				ENABLE_STRICT_OBJC_MSGSEND = YES;
				ENABLE_TESTABILITY = YES;
				GCC_C_LANGUAGE_STANDARD = gnu11;
				GCC_DYNAMIC_NO_PIC = NO;
				GCC_NO_COMMON_BLOCKS = YES;
				GCC_OPTIMIZATION_LEVEL = 0;
				GCC_PREPROCESSOR_DEFINITIONS = (
					"DEBUG=1",
					"$(inherited)",
				);
				GCC_WARN_64_TO_32_BIT_CONVERSION = YES;
				GCC_WARN_ABOUT_RETURN_TYPE = YES_ERROR;
				GCC_WARN_UNDECLARED_SELECTOR = YES;
				GCC_WARN_UNINITIALIZED_AUTOS = YES_AGGRESSIVE;
				GCC_WARN_UNUSED_FUNCTION = YES;
				GCC_WARN_UNUSED_VARIABLE = YES;
				IPHONEOS_DEPLOYMENT_TARGET = 14.4;
				MTL_ENABLE_DEBUG_INFO = INCLUDE_SOURCE;
				MTL_FAST_MATH = YES;
				ONLY_ACTIVE_ARCH = YES;
				SDKROOT = iphoneos;
				SWIFT_ACTIVE_COMPILATION_CONDITIONS = DEBUG;
				SWIFT_OPTIMIZATION_LEVEL = "-Onone";
			};
			name = Debug;
		};
		621050442623ED8000AB7BD4 /* Release */ = {
			isa = XCBuildConfiguration;
			buildSettings = {
				ALWAYS_SEARCH_USER_PATHS = NO;
				CLANG_ANALYZER_NONNULL = YES;
				CLANG_ANALYZER_NUMBER_OBJECT_CONVERSION = YES_AGGRESSIVE;
				CLANG_CXX_LANGUAGE_STANDARD = "gnu++14";
				CLANG_CXX_LIBRARY = "libc++";
				CLANG_ENABLE_MODULES = YES;
				CLANG_ENABLE_OBJC_ARC = YES;
				CLANG_ENABLE_OBJC_WEAK = YES;
				CLANG_WARN_BLOCK_CAPTURE_AUTORELEASING = YES;
				CLANG_WARN_BOOL_CONVERSION = YES;
				CLANG_WARN_COMMA = YES;
				CLANG_WARN_CONSTANT_CONVERSION = YES;
				CLANG_WARN_DEPRECATED_OBJC_IMPLEMENTATIONS = YES;
				CLANG_WARN_DIRECT_OBJC_ISA_USAGE = YES_ERROR;
				CLANG_WARN_DOCUMENTATION_COMMENTS = YES;
				CLANG_WARN_EMPTY_BODY = YES;
				CLANG_WARN_ENUM_CONVERSION = YES;
				CLANG_WARN_INFINITE_RECURSION = YES;
				CLANG_WARN_INT_CONVERSION = YES;
				CLANG_WARN_NON_LITERAL_NULL_CONVERSION = YES;
				CLANG_WARN_OBJC_IMPLICIT_RETAIN_SELF = YES;
				CLANG_WARN_OBJC_LITERAL_CONVERSION = YES;
				CLANG_WARN_OBJC_ROOT_CLASS = YES_ERROR;
				CLANG_WARN_QUOTED_INCLUDE_IN_FRAMEWORK_HEADER = YES;
				CLANG_WARN_RANGE_LOOP_ANALYSIS = YES;
				CLANG_WARN_STRICT_PROTOTYPES = YES;
				CLANG_WARN_SUSPICIOUS_MOVE = YES;
				CLANG_WARN_UNGUARDED_AVAILABILITY = YES_AGGRESSIVE;
				CLANG_WARN_UNREACHABLE_CODE = YES;
				CLANG_WARN__DUPLICATE_METHOD_MATCH = YES;
				COPY_PHASE_STRIP = NO;
				DEBUG_INFORMATION_FORMAT = "dwarf-with-dsym";
				ENABLE_NS_ASSERTIONS = NO;
				ENABLE_STRICT_OBJC_MSGSEND = YES;
				GCC_C_LANGUAGE_STANDARD = gnu11;
				GCC_NO_COMMON_BLOCKS = YES;
				GCC_WARN_64_TO_32_BIT_CONVERSION = YES;
				GCC_WARN_ABOUT_RETURN_TYPE = YES_ERROR;
				GCC_WARN_UNDECLARED_SELECTOR = YES;
				GCC_WARN_UNINITIALIZED_AUTOS = YES_AGGRESSIVE;
				GCC_WARN_UNUSED_FUNCTION = YES;
				GCC_WARN_UNUSED_VARIABLE = YES;
				IPHONEOS_DEPLOYMENT_TARGET = 14.4;
				MTL_ENABLE_DEBUG_INFO = NO;
				MTL_FAST_MATH = YES;
				SDKROOT = iphoneos;
				SWIFT_COMPILATION_MODE = wholemodule;
				SWIFT_OPTIMIZATION_LEVEL = "-O";
				VALIDATE_PRODUCT = YES;
			};
			name = Release;
		};
		621050462623ED8000AB7BD4 /* Debug */ = {
			isa = XCBuildConfiguration;
			buildSettings = {
				ASSETCATALOG_COMPILER_APPICON_NAME = AppIcon;
				ASSETCATALOG_COMPILER_GLOBAL_ACCENT_COLOR_NAME = AccentColor;
				CODE_SIGN_STYLE = Automatic;
				DEVELOPMENT_TEAM = 6CW3378X23;
				INFOPLIST_FILE = OpenAITester/Info.plist;
				LD_RUNPATH_SEARCH_PATHS = (
					"$(inherited)",
					"@executable_path/Frameworks",
				);
				PRODUCT_BUNDLE_IDENTIFIER = com.dylan.OpenAITester;
				PRODUCT_NAME = "$(TARGET_NAME)";
				SWIFT_VERSION = 5.0;
				TARGETED_DEVICE_FAMILY = "1,2";
			};
			name = Debug;
		};
		621050472623ED8000AB7BD4 /* Release */ = {
			isa = XCBuildConfiguration;
			buildSettings = {
				ASSETCATALOG_COMPILER_APPICON_NAME = AppIcon;
				ASSETCATALOG_COMPILER_GLOBAL_ACCENT_COLOR_NAME = AccentColor;
				CODE_SIGN_STYLE = Automatic;
				DEVELOPMENT_TEAM = 6CW3378X23;
				INFOPLIST_FILE = OpenAITester/Info.plist;
				LD_RUNPATH_SEARCH_PATHS = (
					"$(inherited)",
					"@executable_path/Frameworks",
				);
				PRODUCT_BUNDLE_IDENTIFIER = com.dylan.OpenAITester;
				PRODUCT_NAME = "$(TARGET_NAME)";
				SWIFT_VERSION = 5.0;
				TARGETED_DEVICE_FAMILY = "1,2";
			};
			name = Release;
		};
/* End XCBuildConfiguration section */

/* Begin XCConfigurationList section */
		6210502C2623ED7E00AB7BD4 /* Build configuration list for PBXProject "OpenAITester" */ = {
			isa = XCConfigurationList;
			buildConfigurations = (
				621050432623ED8000AB7BD4 /* Debug */,
				621050442623ED8000AB7BD4 /* Release */,
			);
			defaultConfigurationIsVisible = 0;
			defaultConfigurationName = Release;
		};
		621050452623ED8000AB7BD4 /* Build configuration list for PBXNativeTarget "OpenAITester" */ = {
			isa = XCConfigurationList;
			buildConfigurations = (
				621050462623ED8000AB7BD4 /* Debug */,
				621050472623ED8000AB7BD4 /* Release */,
			);
			defaultConfigurationIsVisible = 0;
			defaultConfigurationName = Release;
		};
/* End XCConfigurationList section */
	};
	rootObject = 621050292623ED7E00AB7BD4 /* Project object */;
}
